// !$*UTF8*$!
{
	archiveVersion = 1;
	classes = {
	};
	objectVersion = 55;
	objects = {

/* Begin PBXBuildFile section */
		3B644D2C2909185800AB9102 /* AppDelegate.swift in Sources */ = {isa = PBXBuildFile; fileRef = 3B644D2B2909185800AB9102 /* AppDelegate.swift */; };
		3B644D2E2909185800AB9102 /* SceneDelegate.swift in Sources */ = {isa = PBXBuildFile; fileRef = 3B644D2D2909185800AB9102 /* SceneDelegate.swift */; };
		3B644D302909185800AB9102 /* ViewController.swift in Sources */ = {isa = PBXBuildFile; fileRef = 3B644D2F2909185800AB9102 /* ViewController.swift */; };
		3B644D332909185800AB9102 /* Main.storyboard in Resources */ = {isa = PBXBuildFile; fileRef = 3B644D312909185800AB9102 /* Main.storyboard */; };
		3B644D352909185D00AB9102 /* Assets.xcassets in Resources */ = {isa = PBXBuildFile; fileRef = 3B644D342909185D00AB9102 /* Assets.xcassets */; };
		3B644D382909185D00AB9102 /* LaunchScreen.storyboard in Resources */ = {isa = PBXBuildFile; fileRef = 3B644D362909185D00AB9102 /* LaunchScreen.storyboard */; };
		3B644D432909185D00AB9102 /* StoperTests.swift in Sources */ = {isa = PBXBuildFile; fileRef = 3B644D422909185D00AB9102 /* StoperTests.swift */; };
		3B644D4D2909185D00AB9102 /* StoperUITests.swift in Sources */ = {isa = PBXBuildFile; fileRef = 3B644D4C2909185D00AB9102 /* StoperUITests.swift */; };
		3B644D4F2909185D00AB9102 /* StoperUITestsLaunchTests.swift in Sources */ = {isa = PBXBuildFile; fileRef = 3B644D4E2909185D00AB9102 /* StoperUITestsLaunchTests.swift */; };
/* End PBXBuildFile section */

/* Begin PBXContainerItemProxy section */
		3B644D3F2909185D00AB9102 /* PBXContainerItemProxy */ = {
			isa = PBXContainerItemProxy;
			containerPortal = 3B644D202909185700AB9102 /* Project object */;
			proxyType = 1;
			remoteGlobalIDString = 3B644D272909185700AB9102;
			remoteInfo = Stoper;
		};
		3B644D492909185D00AB9102 /* PBXContainerItemProxy */ = {
			isa = PBXContainerItemProxy;
			containerPortal = 3B644D202909185700AB9102 /* Project object */;
			proxyType = 1;
			remoteGlobalIDString = 3B644D272909185700AB9102;
			remoteInfo = Stoper;
		};
/* End PBXContainerItemProxy section */

/* Begin PBXFileReference section */
		3B644D282909185800AB9102 /* Stoper.app */ = {isa = PBXFileReference; explicitFileType = wrapper.application; includeInIndex = 0; path = Stoper.app; sourceTree = BUILT_PRODUCTS_DIR; };
		3B644D2B2909185800AB9102 /* AppDelegate.swift */ = {isa = PBXFileReference; lastKnownFileType = sourcecode.swift; path = AppDelegate.swift; sourceTree = "<group>"; };
		3B644D2D2909185800AB9102 /* SceneDelegate.swift */ = {isa = PBXFileReference; lastKnownFileType = sourcecode.swift; path = SceneDelegate.swift; sourceTree = "<group>"; };
		3B644D2F2909185800AB9102 /* ViewController.swift */ = {isa = PBXFileReference; lastKnownFileType = sourcecode.swift; path = ViewController.swift; sourceTree = "<group>"; };
		3B644D322909185800AB9102 /* Base */ = {isa = PBXFileReference; lastKnownFileType = file.storyboard; name = Base; path = Base.lproj/Main.storyboard; sourceTree = "<group>"; };
		3B644D342909185D00AB9102 /* Assets.xcassets */ = {isa = PBXFileReference; lastKnownFileType = folder.assetcatalog; path = Assets.xcassets; sourceTree = "<group>"; };
		3B644D372909185D00AB9102 /* Base */ = {isa = PBXFileReference; lastKnownFileType = file.storyboard; name = Base; path = Base.lproj/LaunchScreen.storyboard; sourceTree = "<group>"; };
		3B644D392909185D00AB9102 /* Info.plist */ = {isa = PBXFileReference; lastKnownFileType = text.plist.xml; path = Info.plist; sourceTree = "<group>"; };
		3B644D3E2909185D00AB9102 /* StoperTests.xctest */ = {isa = PBXFileReference; explicitFileType = wrapper.cfbundle; includeInIndex = 0; path = StoperTests.xctest; sourceTree = BUILT_PRODUCTS_DIR; };
		3B644D422909185D00AB9102 /* StoperTests.swift */ = {isa = PBXFileReference; lastKnownFileType = sourcecode.swift; path = StoperTests.swift; sourceTree = "<group>"; };
		3B644D482909185D00AB9102 /* StoperUITests.xctest */ = {isa = PBXFileReference; explicitFileType = wrapper.cfbundle; includeInIndex = 0; path = StoperUITests.xctest; sourceTree = BUILT_PRODUCTS_DIR; };
		3B644D4C2909185D00AB9102 /* StoperUITests.swift */ = {isa = PBXFileReference; lastKnownFileType = sourcecode.swift; path = StoperUITests.swift; sourceTree = "<group>"; };
		3B644D4E2909185D00AB9102 /* StoperUITestsLaunchTests.swift */ = {isa = PBXFileReference; lastKnownFileType = sourcecode.swift; path = StoperUITestsLaunchTests.swift; sourceTree = "<group>"; };
/* End PBXFileReference section */

/* Begin PBXFrameworksBuildPhase section */
		3B644D252909185700AB9102 /* Frameworks */ = {
			isa = PBXFrameworksBuildPhase;
			buildActionMask = 2147483647;
			files = (
			);
			runOnlyForDeploymentPostprocessing = 0;
		};
		3B644D3B2909185D00AB9102 /* Frameworks */ = {
			isa = PBXFrameworksBuildPhase;
			buildActionMask = 2147483647;
			files = (
			);
			runOnlyForDeploymentPostprocessing = 0;
		};
		3B644D452909185D00AB9102 /* Frameworks */ = {
			isa = PBXFrameworksBuildPhase;
			buildActionMask = 2147483647;
			files = (
			);
			runOnlyForDeploymentPostprocessing = 0;
		};
/* End PBXFrameworksBuildPhase section */

/* Begin PBXGroup section */
		3B644D1F2909185700AB9102 = {
			isa = PBXGroup;
			children = (
				3B644D2A2909185800AB9102 /* Stoper */,
				3B644D412909185D00AB9102 /* StoperTests */,
				3B644D4B2909185D00AB9102 /* StoperUITests */,
				3B644D292909185800AB9102 /* Products */,
			);
			sourceTree = "<group>";
		};
		3B644D292909185800AB9102 /* Products */ = {
			isa = PBXGroup;
			children = (
				3B644D282909185800AB9102 /* Stoper.app */,
				3B644D3E2909185D00AB9102 /* StoperTests.xctest */,
				3B644D482909185D00AB9102 /* StoperUITests.xctest */,
			);
			name = Products;
			sourceTree = "<group>";
		};
		3B644D2A2909185800AB9102 /* Stoper */ = {
			isa = PBXGroup;
			children = (
				3B644D2B2909185800AB9102 /* AppDelegate.swift */,
				3B644D2D2909185800AB9102 /* SceneDelegate.swift */,
				3B644D2F2909185800AB9102 /* ViewController.swift */,
				3B644D312909185800AB9102 /* Main.storyboard */,
				3B644D342909185D00AB9102 /* Assets.xcassets */,
				3B644D362909185D00AB9102 /* LaunchScreen.storyboard */,
				3B644D392909185D00AB9102 /* Info.plist */,
			);
			path = Stoper;
			sourceTree = "<group>";
		};
		3B644D412909185D00AB9102 /* StoperTests */ = {
			isa = PBXGroup;
			children = (
				3B644D422909185D00AB9102 /* StoperTests.swift */,
			);
			path = StoperTests;
			sourceTree = "<group>";
		};
		3B644D4B2909185D00AB9102 /* StoperUITests */ = {
			isa = PBXGroup;
			children = (
				3B644D4C2909185D00AB9102 /* StoperUITests.swift */,
				3B644D4E2909185D00AB9102 /* StoperUITestsLaunchTests.swift */,
			);
			path = StoperUITests;
			sourceTree = "<group>";
		};
/* End PBXGroup section */

/* Begin PBXNativeTarget section */
		3B644D272909185700AB9102 /* Stoper */ = {
			isa = PBXNativeTarget;
			buildConfigurationList = 3B644D522909185D00AB9102 /* Build configuration list for PBXNativeTarget "Stoper" */;
			buildPhases = (
				3B644D242909185700AB9102 /* Sources */,
				3B644D252909185700AB9102 /* Frameworks */,
				3B644D262909185700AB9102 /* Resources */,
			);
			buildRules = (
			);
			dependencies = (
			);
			name = Stoper;
			productName = Stoper;
			productReference = 3B644D282909185800AB9102 /* Stoper.app */;
			productType = "com.apple.product-type.application";
		};
		3B644D3D2909185D00AB9102 /* StoperTests */ = {
			isa = PBXNativeTarget;
			buildConfigurationList = 3B644D552909185D00AB9102 /* Build configuration list for PBXNativeTarget "StoperTests" */;
			buildPhases = (
				3B644D3A2909185D00AB9102 /* Sources */,
				3B644D3B2909185D00AB9102 /* Frameworks */,
				3B644D3C2909185D00AB9102 /* Resources */,
			);
			buildRules = (
			);
			dependencies = (
				3B644D402909185D00AB9102 /* PBXTargetDependency */,
			);
			name = StoperTests;
			productName = StoperTests;
			productReference = 3B644D3E2909185D00AB9102 /* StoperTests.xctest */;
			productType = "com.apple.product-type.bundle.unit-test";
		};
		3B644D472909185D00AB9102 /* StoperUITests */ = {
			isa = PBXNativeTarget;
			buildConfigurationList = 3B644D582909185D00AB9102 /* Build configuration list for PBXNativeTarget "StoperUITests" */;
			buildPhases = (
				3B644D442909185D00AB9102 /* Sources */,
				3B644D452909185D00AB9102 /* Frameworks */,
				3B644D462909185D00AB9102 /* Resources */,
			);
			buildRules = (
			);
			dependencies = (
				3B644D4A2909185D00AB9102 /* PBXTargetDependency */,
			);
			name = StoperUITests;
			productName = StoperUITests;
			productReference = 3B644D482909185D00AB9102 /* StoperUITests.xctest */;
			productType = "com.apple.product-type.bundle.ui-testing";
		};
/* End PBXNativeTarget section */

/* Begin PBXProject section */
		3B644D202909185700AB9102 /* Project object */ = {
			isa = PBXProject;
			attributes = {
				BuildIndependentTargetsInParallel = 1;
				LastSwiftUpdateCheck = 1340;
				LastUpgradeCheck = 1340;
				TargetAttributes = {
					3B644D272909185700AB9102 = {
						CreatedOnToolsVersion = 13.4.1;
					};
					3B644D3D2909185D00AB9102 = {
						CreatedOnToolsVersion = 13.4.1;
						TestTargetID = 3B644D272909185700AB9102;
					};
					3B644D472909185D00AB9102 = {
						CreatedOnToolsVersion = 13.4.1;
						TestTargetID = 3B644D272909185700AB9102;
					};
				};
			};
			buildConfigurationList = 3B644D232909185700AB9102 /* Build configuration list for PBXProject "Stoper" */;
			compatibilityVersion = "Xcode 13.0";
			developmentRegion = en;
			hasScannedForEncodings = 0;
			knownRegions = (
				en,
				Base,
			);
			mainGroup = 3B644D1F2909185700AB9102;
			productRefGroup = 3B644D292909185800AB9102 /* Products */;
			projectDirPath = "";
			projectRoot = "";
			targets = (
				3B644D272909185700AB9102 /* Stoper */,
				3B644D3D2909185D00AB9102 /* StoperTests */,
				3B644D472909185D00AB9102 /* StoperUITests */,
			);
		};
/* End PBXProject section */

/* Begin PBXResourcesBuildPhase section */
		3B644D262909185700AB9102 /* Resources */ = {
			isa = PBXResourcesBuildPhase;
			buildActionMask = 2147483647;
			files = (
				3B644D382909185D00AB9102 /* LaunchScreen.storyboard in Resources */,
				3B644D352909185D00AB9102 /* Assets.xcassets in Resources */,
				3B644D332909185800AB9102 /* Main.storyboard in Resources */,
			);
			runOnlyForDeploymentPostprocessing = 0;
		};
		3B644D3C2909185D00AB9102 /* Resources */ = {
			isa = PBXResourcesBuildPhase;
			buildActionMask = 2147483647;
			files = (
			);
			runOnlyForDeploymentPostprocessing = 0;
		};
		3B644D462909185D00AB9102 /* Resources */ = {
			isa = PBXResourcesBuildPhase;
			buildActionMask = 2147483647;
			files = (
			);
			runOnlyForDeploymentPostprocessing = 0;
		};
/* End PBXResourcesBuildPhase section */

/* Begin PBXSourcesBuildPhase section */
		3B644D242909185700AB9102 /* Sources */ = {
			isa = PBXSourcesBuildPhase;
			buildActionMask = 2147483647;
			files = (
				3B644D302909185800AB9102 /* ViewController.swift in Sources */,
				3B644D2C2909185800AB9102 /* AppDelegate.swift in Sources */,
				3B644D2E2909185800AB9102 /* SceneDelegate.swift in Sources */,
			);
			runOnlyForDeploymentPostprocessing = 0;
		};
		3B644D3A2909185D00AB9102 /* Sources */ = {
			isa = PBXSourcesBuildPhase;
			buildActionMask = 2147483647;
			files = (
				3B644D432909185D00AB9102 /* StoperTests.swift in Sources */,
			);
			runOnlyForDeploymentPostprocessing = 0;
		};
		3B644D442909185D00AB9102 /* Sources */ = {
			isa = PBXSourcesBuildPhase;
			buildActionMask = 2147483647;
			files = (
				3B644D4D2909185D00AB9102 /* StoperUITests.swift in Sources */,
				3B644D4F2909185D00AB9102 /* StoperUITestsLaunchTests.swift in Sources */,
			);
			runOnlyForDeploymentPostprocessing = 0;
		};
/* End PBXSourcesBuildPhase section */

/* Begin PBXTargetDependency section */
		3B644D402909185D00AB9102 /* PBXTargetDependency */ = {
			isa = PBXTargetDependency;
			target = 3B644D272909185700AB9102 /* Stoper */;
			targetProxy = 3B644D3F2909185D00AB9102 /* PBXContainerItemProxy */;
		};
		3B644D4A2909185D00AB9102 /* PBXTargetDependency */ = {
			isa = PBXTargetDependency;
			target = 3B644D272909185700AB9102 /* Stoper */;
			targetProxy = 3B644D492909185D00AB9102 /* PBXContainerItemProxy */;
		};
/* End PBXTargetDependency section */

/* Begin PBXVariantGroup section */
		3B644D312909185800AB9102 /* Main.storyboard */ = {
			isa = PBXVariantGroup;
			children = (
				3B644D322909185800AB9102 /* Base */,
			);
			name = Main.storyboard;
			sourceTree = "<group>";
		};
		3B644D362909185D00AB9102 /* LaunchScreen.storyboard */ = {
			isa = PBXVariantGroup;
			children = (
				3B644D372909185D00AB9102 /* Base */,
			);
			name = LaunchScreen.storyboard;
			sourceTree = "<group>";
		};
/* End PBXVariantGroup section */

/* Begin XCBuildConfiguration section */
		3B644D502909185D00AB9102 /* Debug */ = {
			isa = XCBuildConfiguration;
			buildSettings = {
				ALWAYS_SEARCH_USER_PATHS = NO;
				CLANG_ANALYZER_NONNULL = YES;
				CLANG_ANALYZER_NUMBER_OBJECT_CONVERSION = YES_AGGRESSIVE;
				CLANG_CXX_LANGUAGE_STANDARD = "gnu++17";
				CLANG_ENABLE_MODULES = YES;
				CLANG_ENABLE_OBJC_ARC = YES;
				CLANG_ENABLE_OBJC_WEAK = YES;
				CLANG_WARN_BLOCK_CAPTURE_AUTORELEASING = YES;
				CLANG_WARN_BOOL_CONVERSION = YES;
				CLANG_WARN_COMMA = YES;
				CLANG_WARN_CONSTANT_CONVERSION = YES;
				CLANG_WARN_DEPRECATED_OBJC_IMPLEMENTATIONS = YES;
				CLANG_WARN_DIRECT_OBJC_ISA_USAGE = YES_ERROR;
				CLANG_WARN_DOCUMENTATION_COMMENTS = YES;
				CLANG_WARN_EMPTY_BODY = YES;
				CLANG_WARN_ENUM_CONVERSION = YES;
				CLANG_WARN_INFINITE_RECURSION = YES;
				CLANG_WARN_INT_CONVERSION = YES;
				CLANG_WARN_NON_LITERAL_NULL_CONVERSION = YES;
				CLANG_WARN_OBJC_IMPLICIT_RETAIN_SELF = YES;
				CLANG_WARN_OBJC_LITERAL_CONVERSION = YES;
				CLANG_WARN_OBJC_ROOT_CLASS = YES_ERROR;
				CLANG_WARN_QUOTED_INCLUDE_IN_FRAMEWORK_HEADER = YES;
				CLANG_WARN_RANGE_LOOP_ANALYSIS = YES;
				CLANG_WARN_STRICT_PROTOTYPES = YES;
				CLANG_WARN_SUSPICIOUS_MOVE = YES;
				CLANG_WARN_UNGUARDED_AVAILABILITY = YES_AGGRESSIVE;
				CLANG_WARN_UNREACHABLE_CODE = YES;
				CLANG_WARN__DUPLICATE_METHOD_MATCH = YES;
				COPY_PHASE_STRIP = NO;
				DEBUG_INFORMATION_FORMAT = dwarf;
				ENABLE_STRICT_OBJC_MSGSEND = YES;
				ENABLE_TESTABILITY = YES;
				GCC_C_LANGUAGE_STANDARD = gnu11;
				GCC_DYNAMIC_NO_PIC = NO;
				GCC_NO_COMMON_BLOCKS = YES;
				GCC_OPTIMIZATION_LEVEL = 0;
				GCC_PREPROCESSOR_DEFINITIONS = (
					"DEBUG=1",
					"$(inherited)",
				);
				GCC_WARN_64_TO_32_BIT_CONVERSION = YES;
				GCC_WARN_ABOUT_RETURN_TYPE = YES_ERROR;
				GCC_WARN_UNDECLARED_SELECTOR = YES;
				GCC_WARN_UNINITIALIZED_AUTOS = YES_AGGRESSIVE;
				GCC_WARN_UNUSED_FUNCTION = YES;
				GCC_WARN_UNUSED_VARIABLE = YES;
				IPHONEOS_DEPLOYMENT_TARGET = 15.5;
				MTL_ENABLE_DEBUG_INFO = INCLUDE_SOURCE;
				MTL_FAST_MATH = YES;
				ONLY_ACTIVE_ARCH = YES;
				SDKROOT = iphoneos;
				SWIFT_ACTIVE_COMPILATION_CONDITIONS = DEBUG;
				SWIFT_OPTIMIZATION_LEVEL = "-Onone";
			};
			name = Debug;
		};
		3B644D512909185D00AB9102 /* Release */ = {
			isa = XCBuildConfiguration;
			buildSettings = {
				ALWAYS_SEARCH_USER_PATHS = NO;
				CLANG_ANALYZER_NONNULL = YES;
				CLANG_ANALYZER_NUMBER_OBJECT_CONVERSION = YES_AGGRESSIVE;
				CLANG_CXX_LANGUAGE_STANDARD = "gnu++17";
				CLANG_ENABLE_MODULES = YES;
				CLANG_ENABLE_OBJC_ARC = YES;
				CLANG_ENABLE_OBJC_WEAK = YES;
				CLANG_WARN_BLOCK_CAPTURE_AUTORELEASING = YES;
				CLANG_WARN_BOOL_CONVERSION = YES;
				CLANG_WARN_COMMA = YES;
				CLANG_WARN_CONSTANT_CONVERSION = YES;
				CLANG_WARN_DEPRECATED_OBJC_IMPLEMENTATIONS = YES;
				CLANG_WARN_DIRECT_OBJC_ISA_USAGE = YES_ERROR;
				CLANG_WARN_DOCUMENTATION_COMMENTS = YES;
				CLANG_WARN_EMPTY_BODY = YES;
				CLANG_WARN_ENUM_CONVERSION = YES;
				CLANG_WARN_INFINITE_RECURSION = YES;
				CLANG_WARN_INT_CONVERSION = YES;
				CLANG_WARN_NON_LITERAL_NULL_CONVERSION = YES;
				CLANG_WARN_OBJC_IMPLICIT_RETAIN_SELF = YES;
				CLANG_WARN_OBJC_LITERAL_CONVERSION = YES;
				CLANG_WARN_OBJC_ROOT_CLASS = YES_ERROR;
				CLANG_WARN_QUOTED_INCLUDE_IN_FRAMEWORK_HEADER = YES;
				CLANG_WARN_RANGE_LOOP_ANALYSIS = YES;
				CLANG_WARN_STRICT_PROTOTYPES = YES;
				CLANG_WARN_SUSPICIOUS_MOVE = YES;
				CLANG_WARN_UNGUARDED_AVAILABILITY = YES_AGGRESSIVE;
				CLANG_WARN_UNREACHABLE_CODE = YES;
				CLANG_WARN__DUPLICATE_METHOD_MATCH = YES;
				COPY_PHASE_STRIP = NO;
				DEBUG_INFORMATION_FORMAT = "dwarf-with-dsym";
				ENABLE_NS_ASSERTIONS = NO;
				ENABLE_STRICT_OBJC_MSGSEND = YES;
				GCC_C_LANGUAGE_STANDARD = gnu11;
				GCC_NO_COMMON_BLOCKS = YES;
				GCC_WARN_64_TO_32_BIT_CONVERSION = YES;
				GCC_WARN_ABOUT_RETURN_TYPE = YES_ERROR;
				GCC_WARN_UNDECLARED_SELECTOR = YES;
				GCC_WARN_UNINITIALIZED_AUTOS = YES_AGGRESSIVE;
				GCC_WARN_UNUSED_FUNCTION = YES;
				GCC_WARN_UNUSED_VARIABLE = YES;
				IPHONEOS_DEPLOYMENT_TARGET = 15.5;
				MTL_ENABLE_DEBUG_INFO = NO;
				MTL_FAST_MATH = YES;
				SDKROOT = iphoneos;
				SWIFT_COMPILATION_MODE = wholemodule;
				SWIFT_OPTIMIZATION_LEVEL = "-O";
				VALIDATE_PRODUCT = YES;
			};
			name = Release;
		};
		3B644D532909185D00AB9102 /* Debug */ = {
			isa = XCBuildConfiguration;
			buildSettings = {
				ASSETCATALOG_COMPILER_APPICON_NAME = AppIcon;
				ASSETCATALOG_COMPILER_GLOBAL_ACCENT_COLOR_NAME = AccentColor;
				CODE_SIGN_STYLE = Automatic;
				CURRENT_PROJECT_VERSION = 1;
				GENERATE_INFOPLIST_FILE = YES;
				INFOPLIST_FILE = Stoper/Info.plist;
				INFOPLIST_KEY_UIApplicationSupportsIndirectInputEvents = YES;
				INFOPLIST_KEY_UILaunchStoryboardName = LaunchScreen;
				INFOPLIST_KEY_UIMainStoryboardFile = Main;
				INFOPLIST_KEY_UISupportedInterfaceOrientations_iPad = "UIInterfaceOrientationPortrait UIInterfaceOrientationPortraitUpsideDown UIInterfaceOrientationLandscapeLeft UIInterfaceOrientationLandscapeRight";
				INFOPLIST_KEY_UISupportedInterfaceOrientations_iPhone = "UIInterfaceOrientationPortrait UIInterfaceOrientationLandscapeLeft UIInterfaceOrientationLandscapeRight";
				LD_RUNPATH_SEARCH_PATHS = (
					"$(inherited)",
					"@executable_path/Frameworks",
				);
				MARKETING_VERSION = 1.0;
				PRODUCT_BUNDLE_IDENTIFIER = test.Stoper;
				PRODUCT_NAME = "$(TARGET_NAME)";
				SWIFT_EMIT_LOC_STRINGS = YES;
				SWIFT_VERSION = 5.0;
				TARGETED_DEVICE_FAMILY = "1,2";
			};
			name = Debug;
		};
		3B644D542909185D00AB9102 /* Release */ = {
			isa = XCBuildConfiguration;
			buildSettings = {
				ASSETCATALOG_COMPILER_APPICON_NAME = AppIcon;
				ASSETCATALOG_COMPILER_GLOBAL_ACCENT_COLOR_NAME = AccentColor;
				CODE_SIGN_STYLE = Automatic;
				CURRENT_PROJECT_VERSION = 1;
				GENERATE_INFOPLIST_FILE = YES;
				INFOPLIST_FILE = Stoper/Info.plist;
				INFOPLIST_KEY_UIApplicationSupportsIndirectInputEvents = YES;
				INFOPLIST_KEY_UILaunchStoryboardName = LaunchScreen;
				INFOPLIST_KEY_UIMainStoryboardFile = Main;
				INFOPLIST_KEY_UISupportedInterfaceOrientations_iPad = "UIInterfaceOrientationPortrait UIInterfaceOrientationPortraitUpsideDown UIInterfaceOrientationLandscapeLeft UIInterfaceOrientationLandscapeRight";
				INFOPLIST_KEY_UISupportedInterfaceOrientations_iPhone = "UIInterfaceOrientationPortrait UIInterfaceOrientationLandscapeLeft UIInterfaceOrientationLandscapeRight";
				LD_RUNPATH_SEARCH_PATHS = (
					"$(inherited)",
					"@executable_path/Frameworks",
				);
				MARKETING_VERSION = 1.0;
				PRODUCT_BUNDLE_IDENTIFIER = test.Stoper;
				PRODUCT_NAME = "$(TARGET_NAME)";
				SWIFT_EMIT_LOC_STRINGS = YES;
				SWIFT_VERSION = 5.0;
				TARGETED_DEVICE_FAMILY = "1,2";
			};
			name = Release;
		};
		3B644D562909185D00AB9102 /* Debug */ = {
			isa = XCBuildConfiguration;
			buildSettings = {
				ALWAYS_EMBED_SWIFT_STANDARD_LIBRARIES = YES;
				BUNDLE_LOADER = "$(TEST_HOST)";
				CODE_SIGN_STYLE = Automatic;
				CURRENT_PROJECT_VERSION = 1;
				GENERATE_INFOPLIST_FILE = YES;
				IPHONEOS_DEPLOYMENT_TARGET = 15.5;
				MARKETING_VERSION = 1.0;
				PRODUCT_BUNDLE_IDENTIFIER = test.StoperTests;
				PRODUCT_NAME = "$(TARGET_NAME)";
				SWIFT_EMIT_LOC_STRINGS = NO;
				SWIFT_VERSION = 5.0;
				TARGETED_DEVICE_FAMILY = "1,2";
				TEST_HOST = "$(BUILT_PRODUCTS_DIR)/Stoper.app/Stoper";
			};
			name = Debug;
		};
		3B644D572909185D00AB9102 /* Release */ = {
			isa = XCBuildConfiguration;
			buildSettings = {
				ALWAYS_EMBED_SWIFT_STANDARD_LIBRARIES = YES;
				BUNDLE_LOADER = "$(TEST_HOST)";
				CODE_SIGN_STYLE = Automatic;
				CURRENT_PROJECT_VERSION = 1;
				GENERATE_INFOPLIST_FILE = YES;
				IPHONEOS_DEPLOYMENT_TARGET = 15.5;
				MARKETING_VERSION = 1.0;
				PRODUCT_BUNDLE_IDENTIFIER = test.StoperTests;
				PRODUCT_NAME = "$(TARGET_NAME)";
				SWIFT_EMIT_LOC_STRINGS = NO;
				SWIFT_VERSION = 5.0;
				TARGETED_DEVICE_FAMILY = "1,2";
				TEST_HOST = "$(BUILT_PRODUCTS_DIR)/Stoper.app/Stoper";
			};
			name = Release;
		};
		3B644D592909185D00AB9102 /* Debug */ = {
			isa = XCBuildConfiguration;
			buildSettings = {
				ALWAYS_EMBED_SWIFT_STANDARD_LIBRARIES = YES;
				CODE_SIGN_STYLE = Automatic;
				CURRENT_PROJECT_VERSION = 1;
				GENERATE_INFOPLIST_FILE = YES;
				MARKETING_VERSION = 1.0;
				PRODUCT_BUNDLE_IDENTIFIER = test.StoperUITests;
				PRODUCT_NAME = "$(TARGET_NAME)";
				SWIFT_EMIT_LOC_STRINGS = NO;
				SWIFT_VERSION = 5.0;
				TARGETED_DEVICE_FAMILY = "1,2";
				TEST_TARGET_NAME = Stoper;
			};
			name = Debug;
		};
		3B644D5A2909185D00AB9102 /* Release */ = {
			isa = XCBuildConfiguration;
			buildSettings = {
				ALWAYS_EMBED_SWIFT_STANDARD_LIBRARIES = YES;
				CODE_SIGN_STYLE = Automatic;
				CURRENT_PROJECT_VERSION = 1;
				GENERATE_INFOPLIST_FILE = YES;
				MARKETING_VERSION = 1.0;
				PRODUCT_BUNDLE_IDENTIFIER = test.StoperUITests;
				PRODUCT_NAME = "$(TARGET_NAME)";
				SWIFT_EMIT_LOC_STRINGS = NO;
				SWIFT_VERSION = 5.0;
				TARGETED_DEVICE_FAMILY = "1,2";
				TEST_TARGET_NAME = Stoper;
			};
			name = Release;
		};
/* End XCBuildConfiguration section */

/* Begin XCConfigurationList section */
		3B644D232909185700AB9102 /* Build configuration list for PBXProject "Stoper" */ = {
			isa = XCConfigurationList;
			buildConfigurations = (
				3B644D502909185D00AB9102 /* Debug */,
				3B644D512909185D00AB9102 /* Release */,
			);
			defaultConfigurationIsVisible = 0;
			defaultConfigurationName = Release;
		};
		3B644D522909185D00AB9102 /* Build configuration list for PBXNativeTarget "Stoper" */ = {
			isa = XCConfigurationList;
			buildConfigurations = (
				3B644D532909185D00AB9102 /* Debug */,
				3B644D542909185D00AB9102 /* Release */,
			);
			defaultConfigurationIsVisible = 0;
			defaultConfigurationName = Release;
		};
		3B644D552909185D00AB9102 /* Build configuration list for PBXNativeTarget "StoperTests" */ = {
			isa = XCConfigurationList;
			buildConfigurations = (
				3B644D562909185D00AB9102 /* Debug */,
				3B644D572909185D00AB9102 /* Release */,
			);
			defaultConfigurationIsVisible = 0;
			defaultConfigurationName = Release;
		};
		3B644D582909185D00AB9102 /* Build configuration list for PBXNativeTarget "StoperUITests" */ = {
			isa = XCConfigurationList;
			buildConfigurations = (
				3B644D592909185D00AB9102 /* Debug */,
				3B644D5A2909185D00AB9102 /* Release */,
			);
			defaultConfigurationIsVisible = 0;
			defaultConfigurationName = Release;
		};
/* End XCConfigurationList section */
	};
	rootObject = 3B644D202909185700AB9102 /* Project object */;
}
